# This file is automatically @generated by Cargo.
# It is not intended for manual editing.
version = 3

[[package]]
name = "ansi_term"
version = "0.11.0"
source = "registry+https://github.com/rust-lang/crates.io-index"
checksum = "ee49baf6cb617b853aa8d93bf420db2383fab46d314482ca2803b40d5fde979b"
dependencies = [
 "winapi 0.3.8",
]

[[package]]
name = "arrayvec"
version = "0.4.12"
source = "registry+https://github.com/rust-lang/crates.io-index"
checksum = "cd9fd44efafa8690358b7408d253adf110036b88f55672a933f01d616ad9b1b9"
dependencies = [
 "nodrop",
]

[[package]]
name = "async-macros"
version = "1.0.0"
source = "registry+https://github.com/rust-lang/crates.io-index"
checksum = "e421d59b24c1feea2496e409b3e0a8de23e5fc130a2ddc0b012e551f3b272bba"
dependencies = [
 "futures-core-preview",
 "pin-utils",
]

[[package]]
name = "async-std"
version = "0.99.10"
source = "registry+https://github.com/rust-lang/crates.io-index"
checksum = "78e8ea9961931e674433891032bb92e7d5f43ab59f9c0ff77da140eb76de39de"
dependencies = [
 "async-macros",
 "async-task",
 "broadcaster",
 "cfg-if",
 "crossbeam-channel",
 "crossbeam-deque",
 "futures-core-preview",
 "futures-io-preview",
 "futures-timer",
 "kv-log-macro",
 "lazy_static",
 "log",
 "memchr",
 "mio",
 "mio-uds",
 "num_cpus",
 "pin-utils",
 "slab",
]

[[package]]
name = "async-task"
version = "1.0.0"
source = "registry+https://github.com/rust-lang/crates.io-index"
checksum = "de6bd58f7b9cc49032559422595c81cbfcf04db2f2133592f70af19e258a1ced"
dependencies = [
 "crossbeam-utils",
]

[[package]]
name = "atty"
version = "0.2.13"
source = "registry+https://github.com/rust-lang/crates.io-index"
checksum = "1803c647a3ec87095e7ae7acfca019e98de5ec9a7d01343f611cf3152ed71a90"
dependencies = [
 "libc",
 "winapi 0.3.8",
]

[[package]]
name = "autocfg"
version = "0.1.6"
source = "registry+https://github.com/rust-lang/crates.io-index"
checksum = "b671c8fb71b457dd4ae18c4ba1e59aa81793daacc361d82fcd410cef0d491875"

[[package]]
name = "bitcoin-network-crawler-test"
version = "0.1.0"
dependencies = [
 "async-std",
 "chrono",
 "clap",
 "futures-channel-preview",
 "futures-preview",
 "futures-util-preview",
 "sha2",
]

[[package]]
name = "bitflags"
version = "1.2.1"
source = "registry+https://github.com/rust-lang/crates.io-index"
checksum = "cf1de2fe8c75bc145a2f577add951f8134889b4795d47466a54a5c846d691693"

[[package]]
name = "block-buffer"
version = "0.7.3"
source = "registry+https://github.com/rust-lang/crates.io-index"
checksum = "c0940dc441f31689269e10ac70eb1002a3a1d3ad1390e030043662eb7fe4688b"
dependencies = [
 "block-padding",
 "byte-tools",
 "byteorder",
 "generic-array",
]

[[package]]
name = "block-padding"
version = "0.1.4"
source = "registry+https://github.com/rust-lang/crates.io-index"
checksum = "6d4dc3af3ee2e12f3e5d224e5e1e3d73668abbeb69e566d361f7d5563a4fdf09"
dependencies = [
 "byte-tools",
]

[[package]]
name = "broadcaster"
version = "0.2.6"
source = "registry+https://github.com/rust-lang/crates.io-index"
checksum = "07a1446420a56f1030271649ba0da46d23239b3a68c73591cea5247f15a788a0"
dependencies = [
 "futures-channel-preview",
 "futures-core-preview",
 "futures-sink-preview",
 "futures-util-preview",
 "parking_lot",
 "slab",
]

[[package]]
name = "byte-tools"
version = "0.3.1"
source = "registry+https://github.com/rust-lang/crates.io-index"
checksum = "e3b5ca7a04898ad4bcd41c90c5285445ff5b791899bb1b0abdd2a2aa791211d7"

[[package]]
name = "byteorder"
version = "1.3.2"
source = "registry+https://github.com/rust-lang/crates.io-index"
checksum = "a7c3dd8985a7111efc5c80b44e23ecdd8c007de8ade3b96595387e812b957cf5"

[[package]]
name = "cfg-if"
version = "0.1.10"
source = "registry+https://github.com/rust-lang/crates.io-index"
checksum = "4785bdd1c96b2a846b2bd7cc02e86b6b3dbf14e7e53446c4f54c92a361040822"

[[package]]
name = "chrono"
version = "0.4.9"
source = "registry+https://github.com/rust-lang/crates.io-index"
checksum = "e8493056968583b0193c1bb04d6f7684586f3726992d6c573261941a895dbd68"
dependencies = [
 "libc",
 "num-integer",
 "num-traits",
 "time",
]

[[package]]
name = "clap"
version = "2.33.0"
source = "registry+https://github.com/rust-lang/crates.io-index"
checksum = "5067f5bb2d80ef5d68b4c87db81601f0b75bca627bc2ef76b141d7b846a3c6d9"
dependencies = [
 "ansi_term",
 "atty",
 "bitflags",
 "strsim",
 "textwrap",
 "unicode-width",
 "vec_map",
]

[[package]]
name = "cloudabi"
version = "0.0.3"
source = "registry+https://github.com/rust-lang/crates.io-index"
checksum = "ddfc5b9aa5d4507acaf872de71051dfd0e309860e88966e1051e462a077aac4f"
dependencies = [
 "bitflags",
]

[[package]]
name = "crossbeam-channel"
version = "0.3.9"
source = "registry+https://github.com/rust-lang/crates.io-index"
checksum = "c8ec7fcd21571dc78f96cc96243cab8d8f035247c3efd16c687be154c3fa9efa"
dependencies = [
 "crossbeam-utils",
]

[[package]]
name = "crossbeam-deque"
version = "0.7.1"
source = "registry+https://github.com/rust-lang/crates.io-index"
checksum = "b18cd2e169ad86297e6bc0ad9aa679aee9daa4f19e8163860faf7c164e4f5a71"
dependencies = [
 "crossbeam-epoch",
 "crossbeam-utils",
]

[[package]]
name = "crossbeam-epoch"
version = "0.7.2"
source = "registry+https://github.com/rust-lang/crates.io-index"
checksum = "fedcd6772e37f3da2a9af9bf12ebe046c0dfe657992377b4df982a2b54cd37a9"
dependencies = [
 "arrayvec",
 "cfg-if",
 "crossbeam-utils",
 "lazy_static",
 "memoffset",
 "scopeguard",
]

[[package]]
name = "crossbeam-utils"
version = "0.6.6"
source = "registry+https://github.com/rust-lang/crates.io-index"
checksum = "04973fa96e96579258a5091af6003abde64af786b860f18622b82e026cca60e6"
dependencies = [
 "cfg-if",
 "lazy_static",
]

[[package]]
name = "digest"
version = "0.8.1"
source = "registry+https://github.com/rust-lang/crates.io-index"
checksum = "f3d0c8c8752312f9713efd397ff63acb9f85585afbf179282e720e7704954dd5"
dependencies = [
 "generic-array",
]

[[package]]
name = "fake-simd"
version = "0.1.2"
source = "registry+https://github.com/rust-lang/crates.io-index"
checksum = "e88a8acf291dafb59c2d96e8f59828f3838bb1a70398823ade51a84de6a6deed"

[[package]]
name = "fuchsia-zircon"
version = "0.3.3"
source = "registry+https://github.com/rust-lang/crates.io-index"
checksum = "2e9763c69ebaae630ba35f74888db465e49e259ba1bc0eda7d06f4a067615d82"
dependencies = [
 "bitflags",
 "fuchsia-zircon-sys",
]

[[package]]
name = "fuchsia-zircon-sys"
version = "0.3.3"
source = "registry+https://github.com/rust-lang/crates.io-index"
checksum = "3dcaa9ae7725d12cdb85b3ad99a434db70b468c09ded17e012d86b5c1010f7a7"

[[package]]
name = "futures-channel-preview"
version = "0.3.0-alpha.19"
source = "registry+https://github.com/rust-lang/crates.io-index"
checksum = "d5e5f4df964fa9c1c2f8bddeb5c3611631cacd93baf810fc8bb2fb4b495c263a"
dependencies = [
 "futures-core-preview",
 "futures-sink-preview",
]

[[package]]
name = "futures-core-preview"
version = "0.3.0-alpha.19"
source = "registry+https://github.com/rust-lang/crates.io-index"
checksum = "b35b6263fb1ef523c3056565fa67b1d16f0a8604ff12b11b08c25f28a734c60a"

[[package]]
name = "futures-executor-preview"
version = "0.3.0-alpha.19"
source = "registry+https://github.com/rust-lang/crates.io-index"
checksum = "75236e88bd9fe88e5e8bfcd175b665d0528fe03ca4c5207fabc028c8f9d93e98"
dependencies = [
 "futures-core-preview",
 "futures-util-preview",
 "num_cpus",
]

[[package]]
name = "futures-io-preview"
version = "0.3.0-alpha.19"
source = "registry+https://github.com/rust-lang/crates.io-index"
checksum = "f4914ae450db1921a56c91bde97a27846287d062087d4a652efc09bb3a01ebda"

[[package]]
name = "futures-join-macro-preview"
version = "0.3.0-alpha.19"
source = "registry+https://github.com/rust-lang/crates.io-index"
checksum = "59e260e6b48ce7d99936c40a7088d782a499a67bef41da5481d21b439454bcea"
dependencies = [
 "proc-macro-hack",
 "proc-macro2",
 "quote",
 "syn",
]

[[package]]
name = "futures-preview"
version = "0.3.0-alpha.19"
source = "registry+https://github.com/rust-lang/crates.io-index"
checksum = "3b1dce2a0267ada5c6ff75a8ba864b4e679a9e2aa44262af7a3b5516d530d76e"
dependencies = [
 "futures-channel-preview",
 "futures-core-preview",
 "futures-executor-preview",
 "futures-io-preview",
 "futures-sink-preview",
 "futures-util-preview",
]

[[package]]
name = "futures-select-macro-preview"
version = "0.3.0-alpha.19"
source = "registry+https://github.com/rust-lang/crates.io-index"
checksum = "df2ae43560eb10b5e50604c53bead6c9c75eade7081390cd3cce66e1582958f7"
dependencies = [
 "proc-macro-hack",
 "proc-macro2",
 "quote",
 "syn",
]

[[package]]
name = "futures-sink-preview"
version = "0.3.0-alpha.19"
source = "registry+https://github.com/rust-lang/crates.io-index"
checksum = "86f148ef6b69f75bb610d4f9a2336d4fc88c4b5b67129d1a340dd0fd362efeec"

[[package]]
name = "futures-timer"
version = "1.0.2"
source = "registry+https://github.com/rust-lang/crates.io-index"
checksum = "2879f3aa8fd2f60d17ede13349e11d0c132d0daa1b44e061f133f8928ddfaeea"
dependencies = [
 "futures-core-preview",
 "futures-util-preview",
 "pin-utils",
]

[[package]]
name = "futures-util-preview"
version = "0.3.0-alpha.19"
source = "registry+https://github.com/rust-lang/crates.io-index"
checksum = "5ce968633c17e5f97936bd2797b6e38fb56cf16a7422319f7ec2e30d3c470e8d"
dependencies = [
 "futures-channel-preview",
 "futures-core-preview",
 "futures-io-preview",
 "futures-join-macro-preview",
 "futures-select-macro-preview",
 "futures-sink-preview",
 "memchr",
 "pin-utils",
 "proc-macro-hack",
 "proc-macro-nested",
 "slab",
]

[[package]]
name = "generic-array"
version = "0.12.4"
source = "registry+https://github.com/rust-lang/crates.io-index"
checksum = "ffdf9f34f1447443d37393cc6c2b8313aebddcd96906caf34e54c68d8e57d7bd"
dependencies = [
 "typenum",
]

[[package]]
name = "iovec"
version = "0.1.4"
source = "registry+https://github.com/rust-lang/crates.io-index"
checksum = "b2b3ea6ff95e175473f8ffe6a7eb7c00d054240321b84c57051175fe3c1e075e"
dependencies = [
 "libc",
]

[[package]]
name = "kernel32-sys"
version = "0.2.2"
source = "registry+https://github.com/rust-lang/crates.io-index"
checksum = "7507624b29483431c0ba2d82aece8ca6cdba9382bff4ddd0f7490560c056098d"
dependencies = [
 "winapi 0.2.8",
 "winapi-build",
]

[[package]]
name = "kv-log-macro"
version = "1.0.4"
source = "registry+https://github.com/rust-lang/crates.io-index"
checksum = "8c54d9f465d530a752e6ebdc217e081a7a614b48cb200f6f0aee21ba6bc9aabb"
dependencies = [
 "log",
]

[[package]]
name = "lazy_static"
version = "1.4.0"
source = "registry+https://github.com/rust-lang/crates.io-index"
checksum = "e2abad23fbc42b3700f2f279844dc832adb2b2eb069b2df918f455c4e18cc646"

[[package]]
name = "libc"
version = "0.2.65"
source = "registry+https://github.com/rust-lang/crates.io-index"
checksum = "1a31a0627fdf1f6a39ec0dd577e101440b7db22672c0901fe00a9a6fbb5c24e8"

[[package]]
name = "lock_api"
version = "0.3.1"
source = "registry+https://github.com/rust-lang/crates.io-index"
checksum = "f8912e782533a93a167888781b836336a6ca5da6175c05944c86cf28c31104dc"
dependencies = [
 "scopeguard",
]

[[package]]
name = "log"
version = "0.4.8"
source = "registry+https://github.com/rust-lang/crates.io-index"
checksum = "14b6052be84e6b71ab17edffc2eeabf5c2c3ae1fdb464aae35ac50c67a44e1f7"
dependencies = [
 "cfg-if",
]

[[package]]
name = "memchr"
version = "2.2.1"
source = "registry+https://github.com/rust-lang/crates.io-index"
checksum = "88579771288728879b57485cc7d6b07d648c9f0141eb955f8ab7f9d45394468e"

[[package]]
name = "memoffset"
version = "0.5.1"
source = "registry+https://github.com/rust-lang/crates.io-index"
checksum = "ce6075db033bbbb7ee5a0bbd3a3186bbae616f57fb001c485c7ff77955f8177f"
dependencies = [
 "rustc_version",
]

[[package]]
name = "mio"
version = "0.6.19"
source = "registry+https://github.com/rust-lang/crates.io-index"
checksum = "83f51996a3ed004ef184e16818edc51fadffe8e7ca68be67f9dee67d84d0ff23"
dependencies = [
 "fuchsia-zircon",
 "fuchsia-zircon-sys",
 "iovec",
 "kernel32-sys",
 "libc",
 "log",
 "miow",
 "net2",
 "slab",
 "winapi 0.2.8",
]

[[package]]
name = "mio-uds"
version = "0.6.7"
source = "registry+https://github.com/rust-lang/crates.io-index"
checksum = "966257a94e196b11bb43aca423754d87429960a768de9414f3691d6957abf125"
dependencies = [
 "iovec",
 "libc",
 "mio",
]

[[package]]
name = "miow"
version = "0.2.1"
source = "registry+https://github.com/rust-lang/crates.io-index"
checksum = "8c1f2f3b1cf331de6896aabf6e9d55dca90356cc9960cca7eaaf408a355ae919"
dependencies = [
 "kernel32-sys",
 "net2",
 "winapi 0.2.8",
 "ws2_32-sys",
]

[[package]]
name = "net2"
version = "0.2.33"
source = "registry+https://github.com/rust-lang/crates.io-index"
checksum = "42550d9fb7b6684a6d404d9fa7250c2eb2646df731d1c06afc06dcee9e1bcf88"
dependencies = [
 "cfg-if",
 "libc",
 "winapi 0.3.8",
]

[[package]]
name = "nodrop"
version = "0.1.14"
source = "registry+https://github.com/rust-lang/crates.io-index"
checksum = "72ef4a56884ca558e5ddb05a1d1e7e1bfd9a68d9ed024c21704cc98872dae1bb"

[[package]]
name = "num-integer"
version = "0.1.41"
source = "registry+https://github.com/rust-lang/crates.io-index"
checksum = "b85e541ef8255f6cf42bbfe4ef361305c6c135d10919ecc26126c4e5ae94bc09"
dependencies = [
 "autocfg",
 "num-traits",
]

[[package]]
name = "num-traits"
version = "0.2.8"
source = "registry+https://github.com/rust-lang/crates.io-index"
checksum = "6ba9a427cfca2be13aa6f6403b0b7e7368fe982bfa16fccc450ce74c46cd9b32"
dependencies = [
 "autocfg",
]

[[package]]
name = "num_cpus"
version = "1.10.1"
source = "registry+https://github.com/rust-lang/crates.io-index"
checksum = "bcef43580c035376c0705c42792c294b66974abbfd2789b511784023f71f3273"
dependencies = [
 "libc",
]

[[package]]
name = "opaque-debug"
version = "0.2.3"
source = "registry+https://github.com/rust-lang/crates.io-index"
checksum = "2839e79665f131bdb5782e51f2c6c9599c133c6098982a54c794358bf432529c"

[[package]]
name = "parking_lot"
version = "0.9.0"
source = "registry+https://github.com/rust-lang/crates.io-index"
checksum = "f842b1982eb6c2fe34036a4fbfb06dd185a3f5c8edfaacdf7d1ea10b07de6252"
dependencies = [
 "lock_api",
 "parking_lot_core",
 "rustc_version",
]

[[package]]
name = "parking_lot_core"
version = "0.6.2"
source = "registry+https://github.com/rust-lang/crates.io-index"
checksum = "b876b1b9e7ac6e1a74a6da34d25c42e17e8862aa409cbbbdcfc8d86c6f3bc62b"
dependencies = [
 "cfg-if",
 "cloudabi",
 "libc",
 "redox_syscall",
 "rustc_version",
 "smallvec",
 "winapi 0.3.8",
]

[[package]]
name = "pin-utils"
version = "0.1.0-alpha.4"
source = "registry+https://github.com/rust-lang/crates.io-index"
checksum = "5894c618ce612a3fa23881b152b608bafb8c56cfc22f434a3ba3120b40f7b587"

[[package]]
name = "proc-macro-hack"
version = "0.5.11"
source = "registry+https://github.com/rust-lang/crates.io-index"
checksum = "ecd45702f76d6d3c75a80564378ae228a85f0b59d2f3ed43c91b4a69eb2ebfc5"
dependencies = [
 "proc-macro2",
 "quote",
 "syn",
]

[[package]]
name = "proc-macro-nested"
version = "0.1.3"
source = "registry+https://github.com/rust-lang/crates.io-index"
checksum = "369a6ed065f249a159e06c45752c780bda2fb53c995718f9e484d08daa9eb42e"

[[package]]
name = "proc-macro2"
version = "1.0.5"
source = "registry+https://github.com/rust-lang/crates.io-index"
checksum = "90cf5f418035b98e655e9cdb225047638296b862b42411c4e45bb88d700f7fc0"
dependencies = [
 "unicode-xid",
]

[[package]]
name = "quote"
version = "1.0.2"
source = "registry+https://github.com/rust-lang/crates.io-index"
checksum = "053a8c8bcc71fcce321828dc897a98ab9760bef03a4fc36693c231e5b3216cfe"
dependencies = [
 "proc-macro2",
]

[[package]]
name = "redox_syscall"
version = "0.1.56"
source = "registry+https://github.com/rust-lang/crates.io-index"
checksum = "2439c63f3f6139d1b57529d16bc3b8bb855230c8efcc5d3a896c8bea7c3b1e84"

[[package]]
name = "rustc_version"
version = "0.2.3"
source = "registry+https://github.com/rust-lang/crates.io-index"
checksum = "138e3e0acb6c9fb258b19b67cb8abd63c00679d2851805ea151465464fe9030a"
dependencies = [
 "semver",
]

[[package]]
name = "scopeguard"
version = "1.0.0"
source = "registry+https://github.com/rust-lang/crates.io-index"
checksum = "b42e15e59b18a828bbf5c58ea01debb36b9b096346de35d941dcb89009f24a0d"

[[package]]
name = "semver"
version = "0.9.0"
source = "registry+https://github.com/rust-lang/crates.io-index"
checksum = "1d7eb9ef2c18661902cc47e535f9bc51b78acd254da71d375c2f6720d9a40403"
dependencies = [
 "semver-parser",
]

[[package]]
name = "semver-parser"
version = "0.7.0"
source = "registry+https://github.com/rust-lang/crates.io-index"
checksum = "388a1df253eca08550bef6c72392cfe7c30914bf41df5269b68cbd6ff8f570a3"

[[package]]
name = "sha2"
version = "0.8.0"
source = "registry+https://github.com/rust-lang/crates.io-index"
checksum = "7b4d8bfd0e469f417657573d8451fb33d16cfe0989359b93baf3a1ffc639543d"
dependencies = [
 "block-buffer",
 "digest",
 "fake-simd",
 "opaque-debug",
]

[[package]]
name = "slab"
version = "0.4.2"
source = "registry+https://github.com/rust-lang/crates.io-index"
checksum = "c111b5bd5695e56cffe5129854aa230b39c93a305372fdbb2668ca2394eea9f8"

[[package]]
name = "smallvec"
version = "0.6.10"
source = "registry+https://github.com/rust-lang/crates.io-index"
checksum = "ab606a9c5e214920bb66c458cd7be8ef094f813f20fe77a54cc7dbfff220d4b7"

[[package]]
name = "strsim"
version = "0.8.0"
source = "registry+https://github.com/rust-lang/crates.io-index"
checksum = "8ea5119cdb4c55b55d432abb513a0429384878c15dde60cc77b1c99de1a95a6a"

[[package]]
name = "syn"
version = "1.0.5"
source = "registry+https://github.com/rust-lang/crates.io-index"
checksum = "66850e97125af79138385e9b88339cbcd037e3f28ceab8c5ad98e64f0f1f80bf"
dependencies = [
 "proc-macro2",
 "quote",
 "unicode-xid",
]

[[package]]
name = "textwrap"
version = "0.11.0"
source = "registry+https://github.com/rust-lang/crates.io-index"
checksum = "d326610f408c7a4eb6f51c37c330e496b08506c9457c9d34287ecc38809fb060"
dependencies = [
 "unicode-width",
]

[[package]]
name = "time"
version = "0.1.42"
source = "registry+https://github.com/rust-lang/crates.io-index"
checksum = "db8dcfca086c1143c9270ac42a2bbd8a7ee477b78ac8e45b19abfb0cbede4b6f"
dependencies = [
 "libc",
 "redox_syscall",
 "winapi 0.3.8",
]

[[package]]
name = "typenum"
version = "1.11.2"
source = "registry+https://github.com/rust-lang/crates.io-index"
checksum = "6d2783fe2d6b8c1101136184eb41be8b1ad379e4657050b8aaff0c79ee7575f9"

[[package]]
name = "unicode-width"
version = "0.1.6"
source = "registry+https://github.com/rust-lang/crates.io-index"
checksum = "7007dbd421b92cc6e28410fe7362e2e0a2503394908f417b68ec8d1c364c4e20"

[[package]]
name = "unicode-xid"
version = "0.2.0"
source = "registry+https://github.com/rust-lang/crates.io-index"
checksum = "826e7639553986605ec5979c7dd957c7895e93eabed50ab2ffa7f6128a75097c"

[[package]]
name = "vec_map"
version = "0.8.1"
source = "registry+https://github.com/rust-lang/crates.io-index"
checksum = "05c78687fb1a80548ae3250346c3db86a80a7cdd77bda190189f2d0a0987c81a"

[[package]]
name = "winapi"
version = "0.2.8"
source = "registry+https://github.com/rust-lang/crates.io-index"
checksum = "167dc9d6949a9b857f3451275e911c3f44255842c1f7a76f33c55103a909087a"

[[package]]
name = "winapi"
version = "0.3.8"
source = "registry+https://github.com/rust-lang/crates.io-index"
checksum = "8093091eeb260906a183e6ae1abdba2ef5ef2257a21801128899c3fc699229c6"
dependencies = [
 "winapi-i686-pc-windows-gnu",
 "winapi-x86_64-pc-windows-gnu",
]

[[package]]
name = "winapi-build"
version = "0.1.1"
source = "registry+https://github.com/rust-lang/crates.io-index"
checksum = "2d315eee3b34aca4797b2da6b13ed88266e6d612562a0c46390af8299fc699bc"

[[package]]
name = "winapi-i686-pc-windows-gnu"
version = "0.4.0"
source = "registry+https://github.com/rust-lang/crates.io-index"
checksum = "ac3b87c63620426dd9b991e5ce0329eff545bccbbb34f3be09ff6fb6ab51b7b6"

[[package]]
name = "winapi-x86_64-pc-windows-gnu"
version = "0.4.0"
source = "registry+https://github.com/rust-lang/crates.io-index"
checksum = "712e227841d057c1ee1cd2fb22fa7e5a5461ae8e48fa2ca79ec42cfc1931183f"

[[package]]
name = "ws2_32-sys"
version = "0.2.1"
source = "registry+https://github.com/rust-lang/crates.io-index"
checksum = "d59cefebd0c892fa2dd6de581e937301d8552cb44489cdff035c6187cb63fa5e"
dependencies = [
 "winapi 0.2.8",
 "winapi-build",
]
